{"1.2.0",
[{<<"backoff">>,{pkg,<<"backoff">>,<<"1.1.6">>},1},
 {<<"bcrypt">>,{pkg,<<"bcrypt">>,<<"1.1.2">>},0},
 {<<"cowboy">>,{pkg,<<"cowboy">>,<<"2.8.0">>},0},
 {<<"cowboy_session">>,{pkg,<<"cowboy_session">>,<<"1.0.0">>},0},
 {<<"cowlib">>,{pkg,<<"cowlib">>,<<"2.9.1">>},1},
 {<<"epgsql">>,{pkg,<<"epgsql">>,<<"3.3.0">>},1},
 {<<"gproc">>,{pkg,<<"gproc">>,<<"0.6.1">>},1},
 {<<"jiffy">>,{pkg,<<"jiffy">>,<<"1.0.5">>},0},
 {<<"pg_types">>,{pkg,<<"pg_types">>,<<"0.3.0">>},1},
 {<<"pgapp">>,{pkg,<<"pgapp">>,<<"0.0.2">>},0},
 {<<"pgo">>,{pkg,<<"pgo">>,<<"0.11.1">>},0},
 {<<"poolboy">>,{pkg,<<"poolboy">>,<<"1.5.2">>},1},
 {<<"quickrand">>,{pkg,<<"quickrand">>,<<"1.5.4">>},2},
 {<<"ranch">>,{pkg,<<"ranch">>,<<"1.7.1">>},1},
 {<<"telemetry">>,{pkg,<<"telemetry">>,<<"0.4.2">>},1},
 {<<"uuid">>,{pkg,<<"uuid_erl">>,<<"1.5.2">>},1}]}.
[
{pkg_hash,[
 {<<"backoff">>, <<"83B72ED2108BA1EE8F7D1C22E0B4A00CFE3593A67DBC792799E8CCE9F42F796B">>},
 {<<"bcrypt">>, <<"36C9F72EEFDB7736EA27260B5FE2D8694D4AAC9E17361EE566E5D71173EA3CA7">>},
 {<<"cowboy">>, <<"F3DC62E35797ECD9AC1B50DB74611193C29815401E53BAC9A5C0577BD7BC667D">>},
 {<<"cowboy_session">>, <<"35368969DC3B602C38E29711D976A1A661A297F3D5225C52E9E4572EE00D874E">>},
 {<<"cowlib">>, <<"61A6C7C50CF07FDD24B2F45B89500BB93B6686579B069A89F88CB211E1125C78">>},
 {<<"epgsql">>, <<"974A578340E52012CBAB820CE756E7ED1DF1BAF0110C59A6753D8337A2CF9454">>},
 {<<"gproc">>, <<"4579663E5677970758A05D8F65D13C3E9814EC707AD51D8DCEF7294EDA1A730C">>},
 {<<"jiffy">>, <<"A69B58FAF7123534C20E1B0B7AE97AC52079CA02ED4B6989B4B380179CD63A54">>},
 {<<"pg_types">>, <<"1CE19C32851E2E59A3DE17A88920FFE0566041FCE81BE5F4537F1DB01D4267AA">>},
 {<<"pgapp">>, <<"3E104BB777C8455D8B26D1538B67ABE0188EE97B1DF973FD936C2204CB316196">>},
 {<<"pgo">>, <<"4B699096E0C5009610AB063F68B97D1B45FD4BAFA286ED5FFC6744DA07F7B6A6">>},
 {<<"poolboy">>, <<"392B007A1693A64540CEAD79830443ABF5762F5D30CF50BC95CB2C1AAAFA006B">>},
 {<<"quickrand">>, <<"47ADD4755CC5F209CBEFFD6F47C84061196CD7FAD99FD8FD12418EB0D06B939D">>},
 {<<"ranch">>, <<"6B1FAB51B49196860B733A49C07604465A47BDB78AA10C1C16A3D199F7F8C881">>},
 {<<"telemetry">>, <<"2808C992455E08D6177322F14D3BDB6B625FBCFD233A73505870D8738A2F4599">>},
 {<<"uuid">>, <<"D5F12B5814F9E8EA27A9C2527C35FF3661294FA51CA8E43CC15038EFE519E58B">>}]},
{pkg_hash_ext,[
 {<<"backoff">>, <<"CF0CFFF8995FB20562F822E5CC47D8CCF664C5ECDC26A684CBE85C225F9D7C39">>},
 {<<"bcrypt">>, <<"0E6B19B5C6F7859C3D1BC19B13AABD58482CA42F177599330BA48C7D1D12B214">>},
 {<<"cowboy">>, <<"4643E4FBA74AC96D4D152C75803DE6FAD0B3FA5DF354C71AFDD6CBEEB15FAC8A">>},
 {<<"cowboy_session">>, <<"2CBE1E30AD3FFC9765CF9711357CAE79FB32E0697698F10D025724B96BC5DDF4">>},
 {<<"cowlib">>, <<"E4175DC240A70D996156160891E1C62238EDE1729E45740BDD38064DAD476170">>},
 {<<"epgsql">>, <<"732BE3676DD3103ABDF515D57CFE686B59BF0E4C28F9AF16F8C5F2C5A2307FFC">>},
 {<<"gproc">>, <<"5506435AFBC62DE6BEB2ADE24356A2A6C26C2046E250F845F0676589E86E96AB">>},
 {<<"jiffy">>, <<"B617A53F46AE84F20D0C38951367DC947A2CF8CFF922AA5C6AC6B64B8B052289">>},
 {<<"pg_types">>, <<"59D1E306D704314979A468268AA3D07DA4E791B3D72C7FBFC881B458CA14C0C8">>},
 {<<"pgapp">>, <<"454980838F69E94A123E85449364DF6D6092427899A5E6A017481D2626CF9FF3">>},
 {<<"pgo">>, <<"30F38CA823A98C41EF23967D133E91B45AD14AEE0766F4773E88BCCF46BA17A5">>},
 {<<"poolboy">>, <<"DAD79704CE5440F3D5A3681C8590B9DC25D1A561E8F5A9C995281012860901E3">>},
 {<<"quickrand">>, <<"2657DCA4544BF98EC44328F95F2C94A07ACCECE452195C599E43799A760B28B0">>},
 {<<"ranch">>, <<"451D8527787DF716D99DC36162FCA05934915DB0B6141BBDAC2EA8D3C7AFC7D7">>},
 {<<"telemetry">>, <<"2D1419BD9DDA6A206D7B5852179511722E2B18812310D304620C7BD92A13FCEF">>},
 {<<"uuid">>, <<"BA3BD0BC4C159DDC05A1B4B380A8C5BF664981E5DF6214A0E33B71EB9DD5708B">>}]}
].
